PODS:
  - CTMediator (18)
  - wgPersonInfoCatogeryKit (1):
    - CTMediator

DEPENDENCIES:
  - wgPersonInfoCatogeryKit (from `../`)

EXTERNAL SOURCES:
  wgPersonInfoCatogeryKit:
    :path: ../

SPEC CHECKSUMS:
  CTMediator: 420e9d90f9f1fd740caf2238ed7ed64dc621c5b7
  wgPersonInfoCatogeryKit: cf72ce04ca4da0c3ad5de5749fc8df029618bba0

PODFILE CHECKSUM: 01147262bf7ae769f3c9cd05794cc6291e97c900

COCOAPODS: 1.3.1
